
Microsoft Visual Studio Solution File, Format Version 12.00
# Visual Studio Version 16
VisualStudioVersion = 16.0.29613.14
MinimumVisualStudioVersion = 10.0.40219.1
Project("{FAE04EC0-301F-11D3-BF4B-00C04F79EFBC}") = "serial_port_comunication", "serial_port_comunication.csproj", "{94911118-DC3A-45D4-B835-3A2879BFB60B}"
EndProject
Global
	GlobalSection(SolutionConfigurationPlatforms) = preSolution
		Debug|Any CPU = Debug|Any CPU
		Release|Any CPU = Release|Any CPU
	EndGlobalSection
	GlobalSection(ProjectConfigurationPlatforms) = postSolution
		{94911118-DC3A-45D4-B835-3A2879BFB60B}.Debug|Any CPU.ActiveCfg = Debug|Any CPU
		{94911118-DC3A-45D4-B835-3A2879BFB60B}.Debug|Any CPU.Build.0 = Debug|Any CPU
		{94911118-DC3A-45D4-B835-3A2879BFB60B}.Release|Any CPU.ActiveCfg = Release|Any CPU
		{94911118-DC3A-45D4-B835-3A2879BFB60B}.Release|Any CPU.Build.0 = Release|Any CPU
	EndGlobalSection
	GlobalSection(SolutionProperties) = preSolution
		HideSolutionNode = FALSE
	EndGlobalSection
	GlobalSection(ExtensibilityGlobals) = postSolution
		SolutionGuid = {FB38C7CA-FF39-46A0-954C-E227657C2B8D}
	EndGlobalSection
EndGlobal
